
Microsoft Visual Studio Solution File, Format Version 12.00
# Visual Studio 15
VisualStudioVersion = 15.0.28307.1300
MinimumVisualStudioVersion = 10.0.40219.1
Project("{FAE04EC0-301F-11D3-BF4B-00C04F79EFBC}") = "ExtentionMethodsDemo", "ExtentionMethodsDemo\ExtentionMethodsDemo.csproj", "{5D34A916-4320-480A-90D8-433559B8CFF9}"
EndProject
Global
	GlobalSection(SolutionConfigurationPlatforms) = preSolution
		Debug|Any CPU = Debug|Any CPU
		Release|Any CPU = Release|Any CPU
	EndGlobalSection
	GlobalSection(ProjectConfigurationPlatforms) = postSolution
		{5D34A916-4320-480A-90D8-433559B8CFF9}.Debug|Any CPU.ActiveCfg = Debug|Any CPU
		{5D34A916-4320-480A-90D8-433559B8CFF9}.Debug|Any CPU.Build.0 = Debug|Any CPU
		{5D34A916-4320-480A-90D8-433559B8CFF9}.Release|Any CPU.ActiveCfg = Release|Any CPU
		{5D34A916-4320-480A-90D8-433559B8CFF9}.Release|Any CPU.Build.0 = Release|Any CPU
	EndGlobalSection
	GlobalSection(SolutionProperties) = preSolution
		HideSolutionNode = FALSE
	EndGlobalSection
	GlobalSection(ExtensibilityGlobals) = postSolution
		SolutionGuid = {1B4DA933-0066-4548-8800-7B4A34B40CEE}
	EndGlobalSection
EndGlobal
